
Microsoft Visual Studio Solution File, Format Version 12.00
# Visual Studio 15
VisualStudioVersion = 15.0.27703.2018
MinimumVisualStudioVersion = 10.0.40219.1
Project("{FAE04EC0-301F-11D3-BF4B-00C04F79EFBC}") = "POM", "POM\POM.csproj", "{9E16C4C8-BE83-4C0D-AED8-6042B5CCF3C9}"
EndProject
Project("{FAE04EC0-301F-11D3-BF4B-00C04F79EFBC}") = "POM.Tests", "POM.Tests\POM.Tests.csproj", "{D06DE7B3-ECCB-4D17-BC90-C561CA8B35B9}"
EndProject
Project("{2150E333-8FDC-42A3-9474-1A3956D46DE8}") = "Solution Items", "Solution Items", "{F6C19804-BDFC-49CA-A425-F94A20800FD3}"
	ProjectSection(SolutionItems) = preProject
		1RunTests.bat = 1RunTests.bat
		2GenerateReport.bat = 2GenerateReport.bat
	EndProjectSection
EndProject
Global
	GlobalSection(SolutionConfigurationPlatforms) = preSolution
		Debug|Any CPU = Debug|Any CPU
		Release|Any CPU = Release|Any CPU
	EndGlobalSection
	GlobalSection(ProjectConfigurationPlatforms) = postSolution
		{9E16C4C8-BE83-4C0D-AED8-6042B5CCF3C9}.Debug|Any CPU.ActiveCfg = Debug|Any CPU
		{9E16C4C8-BE83-4C0D-AED8-6042B5CCF3C9}.Debug|Any CPU.Build.0 = Debug|Any CPU
		{9E16C4C8-BE83-4C0D-AED8-6042B5CCF3C9}.Release|Any CPU.ActiveCfg = Release|Any CPU
		{9E16C4C8-BE83-4C0D-AED8-6042B5CCF3C9}.Release|Any CPU.Build.0 = Release|Any CPU
		{D06DE7B3-ECCB-4D17-BC90-C561CA8B35B9}.Debug|Any CPU.ActiveCfg = Debug|Any CPU
		{D06DE7B3-ECCB-4D17-BC90-C561CA8B35B9}.Debug|Any CPU.Build.0 = Debug|Any CPU
		{D06DE7B3-ECCB-4D17-BC90-C561CA8B35B9}.Release|Any CPU.ActiveCfg = Release|Any CPU
		{D06DE7B3-ECCB-4D17-BC90-C561CA8B35B9}.Release|Any CPU.Build.0 = Release|Any CPU
	EndGlobalSection
	GlobalSection(SolutionProperties) = preSolution
		HideSolutionNode = FALSE
	EndGlobalSection
	GlobalSection(ExtensibilityGlobals) = postSolution
		SolutionGuid = {1936D93F-19B3-4168-AF35-8F3AFE296D08}
	EndGlobalSection
EndGlobal
